// !$*UTF8*$!
{
	archiveVersion = 1;
	classes = {
	};
	objectVersion = 55;
	objects = {

/* Begin PBXBuildFile section */
		6297891C2769FC0F00643D50 /* homeCollectionViewCell.swift in Sources */ = {isa = PBXBuildFile; fileRef = 6297891B2769FC0F00643D50 /* homeCollectionViewCell.swift */; };
		62AF66F1276789A300FF564B /* AppDelegate.swift in Sources */ = {isa = PBXBuildFile; fileRef = 62AF66F0276789A300FF564B /* AppDelegate.swift */; };
		62AF66F3276789A300FF564B /* SceneDelegate.swift in Sources */ = {isa = PBXBuildFile; fileRef = 62AF66F2276789A300FF564B /* SceneDelegate.swift */; };
		62AF66F5276789A300FF564B /* ViewController.swift in Sources */ = {isa = PBXBuildFile; fileRef = 62AF66F4276789A300FF564B /* ViewController.swift */; };
		62AF66F8276789A300FF564B /* Main.storyboard in Resources */ = {isa = PBXBuildFile; fileRef = 62AF66F6276789A300FF564B /* Main.storyboard */; };
		62AF66FA276789A700FF564B /* Assets.xcassets in Resources */ = {isa = PBXBuildFile; fileRef = 62AF66F9276789A700FF564B /* Assets.xcassets */; };
		62AF66FD276789A700FF564B /* LaunchScreen.storyboard in Resources */ = {isa = PBXBuildFile; fileRef = 62AF66FB276789A700FF564B /* LaunchScreen.storyboard */; };
		62AF67052767DD4400FF564B /* LaunchViewController.swift in Sources */ = {isa = PBXBuildFile; fileRef = 62AF67042767DD4400FF564B /* LaunchViewController.swift */; };
		62AF67072767DEA000FF564B /* cafe.json in Resources */ = {isa = PBXBuildFile; fileRef = 62AF67062767DEA000FF564B /* cafe.json */; };
		62AF67092767DFE000FF564B /* samwich.json in Resources */ = {isa = PBXBuildFile; fileRef = 62AF67082767DFE000FF564B /* samwich.json */; };
		62AF67472768972F00FF564B /* HomeViewController.swift in Sources */ = {isa = PBXBuildFile; fileRef = 62AF67462768972F00FF564B /* HomeViewController.swift */; };
		62AF67492768975D00FF564B /* InfoViewController.swift in Sources */ = {isa = PBXBuildFile; fileRef = 62AF67482768975D00FF564B /* InfoViewController.swift */; };
		62AF674B2768976C00FF564B /* UserViewController.swift in Sources */ = {isa = PBXBuildFile; fileRef = 62AF674A2768976C00FF564B /* UserViewController.swift */; };
		62AF674F27689F2F00FF564B /* DescritionViewController.swift in Sources */ = {isa = PBXBuildFile; fileRef = 62AF674E27689F2E00FF564B /* DescritionViewController.swift */; };
		62AF67512768A65000FF564B /* Data Model.swift in Sources */ = {isa = PBXBuildFile; fileRef = 62AF67502768A65000FF564B /* Data Model.swift */; };
		62AF67532768A66500FF564B /* Conector.swift in Sources */ = {isa = PBXBuildFile; fileRef = 62AF67522768A66500FF564B /* Conector.swift */; };
		62AF67572768A70F00FF564B /* Notes.rtf in Resources */ = {isa = PBXBuildFile; fileRef = 62AF67562768A70F00FF564B /* Notes.rtf */; };
		94EF1415AAD03B2416218C28 /* Pods_myHamburgare.framework in Frameworks */ = {isa = PBXBuildFile; fileRef = A42DDFB134028693EDBBFBEE /* Pods_myHamburgare.framework */; };
/* End PBXBuildFile section */

/* Begin PBXFileReference section */
		6297891B2769FC0F00643D50 /* homeCollectionViewCell.swift */ = {isa = PBXFileReference; lastKnownFileType = sourcecode.swift; path = homeCollectionViewCell.swift; sourceTree = "<group>"; };
		62AF66ED276789A300FF564B /* myHamburgare.app */ = {isa = PBXFileReference; explicitFileType = wrapper.application; includeInIndex = 0; path = myHamburgare.app; sourceTree = BUILT_PRODUCTS_DIR; };
		62AF66F0276789A300FF564B /* AppDelegate.swift */ = {isa = PBXFileReference; lastKnownFileType = sourcecode.swift; path = AppDelegate.swift; sourceTree = "<group>"; };
		62AF66F2276789A300FF564B /* SceneDelegate.swift */ = {isa = PBXFileReference; lastKnownFileType = sourcecode.swift; path = SceneDelegate.swift; sourceTree = "<group>"; };
		62AF66F4276789A300FF564B /* ViewController.swift */ = {isa = PBXFileReference; lastKnownFileType = sourcecode.swift; path = ViewController.swift; sourceTree = "<group>"; };
		62AF66F7276789A300FF564B /* Base */ = {isa = PBXFileReference; lastKnownFileType = file.storyboard; name = Base; path = Base.lproj/Main.storyboard; sourceTree = "<group>"; };
		62AF66F9276789A700FF564B /* Assets.xcassets */ = {isa = PBXFileReference; lastKnownFileType = folder.assetcatalog; path = Assets.xcassets; sourceTree = "<group>"; };
		62AF66FC276789A700FF564B /* Base */ = {isa = PBXFileReference; lastKnownFileType = file.storyboard; name = Base; path = Base.lproj/LaunchScreen.storyboard; sourceTree = "<group>"; };
		62AF66FE276789A700FF564B /* Info.plist */ = {isa = PBXFileReference; lastKnownFileType = text.plist.xml; path = Info.plist; sourceTree = "<group>"; };
		62AF67042767DD4400FF564B /* LaunchViewController.swift */ = {isa = PBXFileReference; lastKnownFileType = sourcecode.swift; path = LaunchViewController.swift; sourceTree = "<group>"; };
		62AF67062767DEA000FF564B /* cafe.json */ = {isa = PBXFileReference; fileEncoding = 4; lastKnownFileType = text.json; path = cafe.json; sourceTree = "<group>"; };
		62AF67082767DFE000FF564B /* samwich.json */ = {isa = PBXFileReference; fileEncoding = 4; lastKnownFileType = text.json; path = samwich.json; sourceTree = "<group>"; };
		62AF67462768972F00FF564B /* HomeViewController.swift */ = {isa = PBXFileReference; lastKnownFileType = sourcecode.swift; path = HomeViewController.swift; sourceTree = "<group>"; };
		62AF67482768975D00FF564B /* InfoViewController.swift */ = {isa = PBXFileReference; lastKnownFileType = sourcecode.swift; path = InfoViewController.swift; sourceTree = "<group>"; };
		62AF674A2768976C00FF564B /* UserViewController.swift */ = {isa = PBXFileReference; lastKnownFileType = sourcecode.swift; path = UserViewController.swift; sourceTree = "<group>"; };
		62AF674E27689F2E00FF564B /* DescritionViewController.swift */ = {isa = PBXFileReference; lastKnownFileType = sourcecode.swift; path = DescritionViewController.swift; sourceTree = "<group>"; };
		62AF67502768A65000FF564B /* Data Model.swift */ = {isa = PBXFileReference; lastKnownFileType = sourcecode.swift; path = "Data Model.swift"; sourceTree = "<group>"; };
		62AF67522768A66500FF564B /* Conector.swift */ = {isa = PBXFileReference; lastKnownFileType = sourcecode.swift; path = Conector.swift; sourceTree = "<group>"; };
		62AF67562768A70F00FF564B /* Notes.rtf */ = {isa = PBXFileReference; lastKnownFileType = text.rtf; path = Notes.rtf; sourceTree = "<group>"; };
		7FB79569F1979530B621FFF5 /* Pods-myHamburgare.release.xcconfig */ = {isa = PBXFileReference; includeInIndex = 1; lastKnownFileType = text.xcconfig; name = "Pods-myHamburgare.release.xcconfig"; path = "Target Support Files/Pods-myHamburgare/Pods-myHamburgare.release.xcconfig"; sourceTree = "<group>"; };
		A42DDFB134028693EDBBFBEE /* Pods_myHamburgare.framework */ = {isa = PBXFileReference; explicitFileType = wrapper.framework; includeInIndex = 0; path = Pods_myHamburgare.framework; sourceTree = BUILT_PRODUCTS_DIR; };
		FE99E87BA6E80CACC25E87EE /* Pods-myHamburgare.debug.xcconfig */ = {isa = PBXFileReference; includeInIndex = 1; lastKnownFileType = text.xcconfig; name = "Pods-myHamburgare.debug.xcconfig"; path = "Target Support Files/Pods-myHamburgare/Pods-myHamburgare.debug.xcconfig"; sourceTree = "<group>"; };
/* End PBXFileReference section */

/* Begin PBXFrameworksBuildPhase section */
		62AF66EA276789A300FF564B /* Frameworks */ = {
			isa = PBXFrameworksBuildPhase;
			buildActionMask = 2147483647;
			files = (
				94EF1415AAD03B2416218C28 /* Pods_myHamburgare.framework in Frameworks */,
			);
			runOnlyForDeploymentPostprocessing = 0;
		};
/* End PBXFrameworksBuildPhase section */

/* Begin PBXGroup section */
		62AF66E4276789A300FF564B = {
			isa = PBXGroup;
			children = (
				62AF66EF276789A300FF564B /* myHamburgare */,
				62AF66EE276789A300FF564B /* Products */,
				78346A0F50BD2E87C8218194 /* Pods */,
				C541D049D428C4F63A8499D9 /* Frameworks */,
			);
			sourceTree = "<group>";
		};
		62AF66EE276789A300FF564B /* Products */ = {
			isa = PBXGroup;
			children = (
				62AF66ED276789A300FF564B /* myHamburgare.app */,
			);
			name = Products;
			sourceTree = "<group>";
		};
		62AF66EF276789A300FF564B /* myHamburgare */ = {
			isa = PBXGroup;
			children = (
				62AF67562768A70F00FF564B /* Notes.rtf */,
				62AF66F0276789A300FF564B /* AppDelegate.swift */,
				62AF66F2276789A300FF564B /* SceneDelegate.swift */,
				62AF67552768A69300FF564B /* Model */,
				62AF674C2768977C00FF564B /* View Controller */,
				62AF66F6276789A300FF564B /* Main.storyboard */,
				62AF66FB276789A700FF564B /* LaunchScreen.storyboard */,
				62AF66F9276789A700FF564B /* Assets.xcassets */,
				62AF674D276897A100FF564B /* Lottie animations */,
				62AF66FE276789A700FF564B /* Info.plist */,
			);
			path = myHamburgare;
			sourceTree = "<group>";
		};
		62AF674C2768977C00FF564B /* View Controller */ = {
			isa = PBXGroup;
			children = (
				6297891B2769FC0F00643D50 /* homeCollectionViewCell.swift */,
				62AF674E27689F2E00FF564B /* DescritionViewController.swift */,
				62AF66F4276789A300FF564B /* ViewController.swift */,
				62AF67462768972F00FF564B /* HomeViewController.swift */,
				62AF67482768975D00FF564B /* InfoViewController.swift */,
				62AF674A2768976C00FF564B /* UserViewController.swift */,
				62AF67042767DD4400FF564B /* LaunchViewController.swift */,
			);
			path = "View Controller";
			sourceTree = "<group>";
		};
		62AF674D276897A100FF564B /* Lottie animations */ = {
			isa = PBXGroup;
			children = (
				62AF67062767DEA000FF564B /* cafe.json */,
				62AF67082767DFE000FF564B /* samwich.json */,
			);
			path = "Lottie animations";
			sourceTree = "<group>";
		};
		62AF67552768A69300FF564B /* Model */ = {
			isa = PBXGroup;
			children = (
				62AF67502768A65000FF564B /* Data Model.swift */,
				62AF67522768A66500FF564B /* Conector.swift */,
			);
			path = Model;
			sourceTree = "<group>";
		};
		78346A0F50BD2E87C8218194 /* Pods */ = {
			isa = PBXGroup;
			children = (
				FE99E87BA6E80CACC25E87EE /* Pods-myHamburgare.debug.xcconfig */,
				7FB79569F1979530B621FFF5 /* Pods-myHamburgare.release.xcconfig */,
			);
			path = Pods;
			sourceTree = "<group>";
		};
		C541D049D428C4F63A8499D9 /* Frameworks */ = {
			isa = PBXGroup;
			children = (
				A42DDFB134028693EDBBFBEE /* Pods_myHamburgare.framework */,
			);
			name = Frameworks;
			sourceTree = "<group>";
		};
/* End PBXGroup section */

/* Begin PBXNativeTarget section */
		62AF66EC276789A300FF564B /* myHamburgare */ = {
			isa = PBXNativeTarget;
			buildConfigurationList = 62AF6701276789A700FF564B /* Build configuration list for PBXNativeTarget "myHamburgare" */;
			buildPhases = (
				9995B07A3AC2D724D247A5F7 /* [CP] Check Pods Manifest.lock */,
				62AF66E9276789A300FF564B /* Sources */,
				62AF66EA276789A300FF564B /* Frameworks */,
				62AF66EB276789A300FF564B /* Resources */,
				6404E9895173AEF7E1822333 /* [CP] Embed Pods Frameworks */,
			);
			buildRules = (
			);
			dependencies = (
			);
			name = myHamburgare;
			productName = myHamburgare;
			productReference = 62AF66ED276789A300FF564B /* myHamburgare.app */;
			productType = "com.apple.product-type.application";
		};
/* End PBXNativeTarget section */

/* Begin PBXProject section */
		62AF66E5276789A300FF564B /* Project object */ = {
			isa = PBXProject;
			attributes = {
				BuildIndependentTargetsInParallel = 1;
				LastSwiftUpdateCheck = 1310;
				LastUpgradeCheck = 1310;
				TargetAttributes = {
					62AF66EC276789A300FF564B = {
						CreatedOnToolsVersion = 13.1;
					};
				};
			};
			buildConfigurationList = 62AF66E8276789A300FF564B /* Build configuration list for PBXProject "myHamburgare" */;
			compatibilityVersion = "Xcode 13.0";
			developmentRegion = en;
			hasScannedForEncodings = 0;
			knownRegions = (
				en,
				Base,
			);
			mainGroup = 62AF66E4276789A300FF564B;
			productRefGroup = 62AF66EE276789A300FF564B /* Products */;
			projectDirPath = "";
			projectRoot = "";
			targets = (
				62AF66EC276789A300FF564B /* myHamburgare */,
			);
		};
/* End PBXProject section */

/* Begin PBXResourcesBuildPhase section */
		62AF66EB276789A300FF564B /* Resources */ = {
			isa = PBXResourcesBuildPhase;
			buildActionMask = 2147483647;
			files = (
				62AF67092767DFE000FF564B /* samwich.json in Resources */,
				62AF67072767DEA000FF564B /* cafe.json in Resources */,
				62AF67572768A70F00FF564B /* Notes.rtf in Resources */,
				62AF66FD276789A700FF564B /* LaunchScreen.storyboard in Resources */,
				62AF66FA276789A700FF564B /* Assets.xcassets in Resources */,
				62AF66F8276789A300FF564B /* Main.storyboard in Resources */,
			);
			runOnlyForDeploymentPostprocessing = 0;
		};
/* End PBXResourcesBuildPhase section */

/* Begin PBXShellScriptBuildPhase section */
		6404E9895173AEF7E1822333 /* [CP] Embed Pods Frameworks */ = {
			isa = PBXShellScriptBuildPhase;
			buildActionMask = 2147483647;
			files = (
			);
			inputFileListPaths = (
				"${PODS_ROOT}/Target Support Files/Pods-myHamburgare/Pods-myHamburgare-frameworks-${CONFIGURATION}-input-files.xcfilelist",
			);
			name = "[CP] Embed Pods Frameworks";
			outputFileListPaths = (
				"${PODS_ROOT}/Target Support Files/Pods-myHamburgare/Pods-myHamburgare-frameworks-${CONFIGURATION}-output-files.xcfilelist",
			);
			runOnlyForDeploymentPostprocessing = 0;
			shellPath = /bin/sh;
			shellScript = "\"${PODS_ROOT}/Target Support Files/Pods-myHamburgare/Pods-myHamburgare-frameworks.sh\"\n";
			showEnvVarsInLog = 0;
		};
		9995B07A3AC2D724D247A5F7 /* [CP] Check Pods Manifest.lock */ = {
			isa = PBXShellScriptBuildPhase;
			buildActionMask = 2147483647;
			files = (
			);
			inputFileListPaths = (
			);
			inputPaths = (
				"${PODS_PODFILE_DIR_PATH}/Podfile.lock",
				"${PODS_ROOT}/Manifest.lock",
			);
			name = "[CP] Check Pods Manifest.lock";
			outputFileListPaths = (
			);
			outputPaths = (
				"$(DERIVED_FILE_DIR)/Pods-myHamburgare-checkManifestLockResult.txt",
			);
			runOnlyForDeploymentPostprocessing = 0;
			shellPath = /bin/sh;
			shellScript = "diff \"${PODS_PODFILE_DIR_PATH}/Podfile.lock\" \"${PODS_ROOT}/Manifest.lock\" > /dev/null\nif [ $? != 0 ] ; then\n    # print error to STDERR\n    echo \"error: The sandbox is not in sync with the Podfile.lock. Run 'pod install' or update your CocoaPods installation.\" >&2\n    exit 1\nfi\n# This output is used by Xcode 'outputs' to avoid re-running this script phase.\necho \"SUCCESS\" > \"${SCRIPT_OUTPUT_FILE_0}\"\n";
			showEnvVarsInLog = 0;
		};
/* End PBXShellScriptBuildPhase section */

/* Begin PBXSourcesBuildPhase section */
		62AF66E9276789A300FF564B /* Sources */ = {
			isa = PBXSourcesBuildPhase;
			buildActionMask = 2147483647;
			files = (
				62AF67532768A66500FF564B /* Conector.swift in Sources */,
				62AF674B2768976C00FF564B /* UserViewController.swift in Sources */,
				62AF67472768972F00FF564B /* HomeViewController.swift in Sources */,
				62AF67512768A65000FF564B /* Data Model.swift in Sources */,
				62AF66F5276789A300FF564B /* ViewController.swift in Sources */,
				6297891C2769FC0F00643D50 /* homeCollectionViewCell.swift in Sources */,
				62AF66F1276789A300FF564B /* AppDelegate.swift in Sources */,
				62AF674F27689F2F00FF564B /* DescritionViewController.swift in Sources */,
				62AF66F3276789A300FF564B /* SceneDelegate.swift in Sources */,
				62AF67492768975D00FF564B /* InfoViewController.swift in Sources */,
				62AF67052767DD4400FF564B /* LaunchViewController.swift in Sources */,
			);
			runOnlyForDeploymentPostprocessing = 0;
		};
/* End PBXSourcesBuildPhase section */

/* Begin PBXVariantGroup section */
		62AF66F6276789A300FF564B /* Main.storyboard */ = {
			isa = PBXVariantGroup;
			children = (
				62AF66F7276789A300FF564B /* Base */,
			);
			name = Main.storyboard;
			sourceTree = "<group>";
		};
		62AF66FB276789A700FF564B /* LaunchScreen.storyboard */ = {
			isa = PBXVariantGroup;
			children = (
				62AF66FC276789A700FF564B /* Base */,
			);
			name = LaunchScreen.storyboard;
			sourceTree = "<group>";
		};
/* End PBXVariantGroup section */

/* Begin XCBuildConfiguration section */
		62AF66FF276789A700FF564B /* Debug */ = {
			isa = XCBuildConfiguration;
			buildSettings = {
				ALWAYS_SEARCH_USER_PATHS = NO;
				CLANG_ANALYZER_NONNULL = YES;
				CLANG_ANALYZER_NUMBER_OBJECT_CONVERSION = YES_AGGRESSIVE;
				CLANG_CXX_LANGUAGE_STANDARD = "gnu++17";
				CLANG_CXX_LIBRARY = "libc++";
				CLANG_ENABLE_MODULES = YES;
				CLANG_ENABLE_OBJC_ARC = YES;
				CLANG_ENABLE_OBJC_WEAK = YES;
				CLANG_WARN_BLOCK_CAPTURE_AUTORELEASING = YES;
				CLANG_WARN_BOOL_CONVERSION = YES;
				CLANG_WARN_COMMA = YES;
				CLANG_WARN_CONSTANT_CONVERSION = YES;
				CLANG_WARN_DEPRECATED_OBJC_IMPLEMENTATIONS = YES;
				CLANG_WARN_DIRECT_OBJC_ISA_USAGE = YES_ERROR;
				CLANG_WARN_DOCUMENTATION_COMMENTS = YES;
				CLANG_WARN_EMPTY_BODY = YES;
				CLANG_WARN_ENUM_CONVERSION = YES;
				CLANG_WARN_INFINITE_RECURSION = YES;
				CLANG_WARN_INT_CONVERSION = YES;
				CLANG_WARN_NON_LITERAL_NULL_CONVERSION = YES;
				CLANG_WARN_OBJC_IMPLICIT_RETAIN_SELF = YES;
				CLANG_WARN_OBJC_LITERAL_CONVERSION = YES;
				CLANG_WARN_OBJC_ROOT_CLASS = YES_ERROR;
				CLANG_WARN_QUOTED_INCLUDE_IN_FRAMEWORK_HEADER = YES;
				CLANG_WARN_RANGE_LOOP_ANALYSIS = YES;
				CLANG_WARN_STRICT_PROTOTYPES = YES;
				CLANG_WARN_SUSPICIOUS_MOVE = YES;
				CLANG_WARN_UNGUARDED_AVAILABILITY = YES_AGGRESSIVE;
				CLANG_WARN_UNREACHABLE_CODE = YES;
				CLANG_WARN__DUPLICATE_METHOD_MATCH = YES;
				COPY_PHASE_STRIP = NO;
				DEBUG_INFORMATION_FORMAT = dwarf;
				ENABLE_STRICT_OBJC_MSGSEND = YES;
				ENABLE_TESTABILITY = YES;
				GCC_C_LANGUAGE_STANDARD = gnu11;
				GCC_DYNAMIC_NO_PIC = NO;
				GCC_NO_COMMON_BLOCKS = YES;
				GCC_OPTIMIZATION_LEVEL = 0;
				GCC_PREPROCESSOR_DEFINITIONS = (
					"DEBUG=1",
					"$(inherited)",
				);
				GCC_WARN_64_TO_32_BIT_CONVERSION = YES;
				GCC_WARN_ABOUT_RETURN_TYPE = YES_ERROR;
				GCC_WARN_UNDECLARED_SELECTOR = YES;
				GCC_WARN_UNINITIALIZED_AUTOS = YES_AGGRESSIVE;
				GCC_WARN_UNUSED_FUNCTION = YES;
				GCC_WARN_UNUSED_VARIABLE = YES;
				IPHONEOS_DEPLOYMENT_TARGET = 15.0;
				MTL_ENABLE_DEBUG_INFO = INCLUDE_SOURCE;
				MTL_FAST_MATH = YES;
				ONLY_ACTIVE_ARCH = YES;
				SDKROOT = iphoneos;
				SWIFT_ACTIVE_COMPILATION_CONDITIONS = DEBUG;
				SWIFT_OPTIMIZATION_LEVEL = "-Onone";
			};
			name = Debug;
		};
		62AF6700276789A700FF564B /* Release */ = {
			isa = XCBuildConfiguration;
			buildSettings = {
				ALWAYS_SEARCH_USER_PATHS = NO;
				CLANG_ANALYZER_NONNULL = YES;
				CLANG_ANALYZER_NUMBER_OBJECT_CONVERSION = YES_AGGRESSIVE;
				CLANG_CXX_LANGUAGE_STANDARD = "gnu++17";
				CLANG_CXX_LIBRARY = "libc++";
				CLANG_ENABLE_MODULES = YES;
				CLANG_ENABLE_OBJC_ARC = YES;
				CLANG_ENABLE_OBJC_WEAK = YES;
				CLANG_WARN_BLOCK_CAPTURE_AUTORELEASING = YES;
				CLANG_WARN_BOOL_CONVERSION = YES;
				CLANG_WARN_COMMA = YES;
				CLANG_WARN_CONSTANT_CONVERSION = YES;
				CLANG_WARN_DEPRECATED_OBJC_IMPLEMENTATIONS = YES;
				CLANG_WARN_DIRECT_OBJC_ISA_USAGE = YES_ERROR;
				CLANG_WARN_DOCUMENTATION_COMMENTS = YES;
				CLANG_WARN_EMPTY_BODY = YES;
				CLANG_WARN_ENUM_CONVERSION = YES;
				CLANG_WARN_INFINITE_RECURSION = YES;
				CLANG_WARN_INT_CONVERSION = YES;
				CLANG_WARN_NON_LITERAL_NULL_CONVERSION = YES;
				CLANG_WARN_OBJC_IMPLICIT_RETAIN_SELF = YES;
				CLANG_WARN_OBJC_LITERAL_CONVERSION = YES;
				CLANG_WARN_OBJC_ROOT_CLASS = YES_ERROR;
				CLANG_WARN_QUOTED_INCLUDE_IN_FRAMEWORK_HEADER = YES;
				CLANG_WARN_RANGE_LOOP_ANALYSIS = YES;
				CLANG_WARN_STRICT_PROTOTYPES = YES;
				CLANG_WARN_SUSPICIOUS_MOVE = YES;
				CLANG_WARN_UNGUARDED_AVAILABILITY = YES_AGGRESSIVE;
				CLANG_WARN_UNREACHABLE_CODE = YES;
				CLANG_WARN__DUPLICATE_METHOD_MATCH = YES;
				COPY_PHASE_STRIP = NO;
				DEBUG_INFORMATION_FORMAT = "dwarf-with-dsym";
				ENABLE_NS_ASSERTIONS = NO;
				ENABLE_STRICT_OBJC_MSGSEND = YES;
				GCC_C_LANGUAGE_STANDARD = gnu11;
				GCC_NO_COMMON_BLOCKS = YES;
				GCC_WARN_64_TO_32_BIT_CONVERSION = YES;
				GCC_WARN_ABOUT_RETURN_TYPE = YES_ERROR;
				GCC_WARN_UNDECLARED_SELECTOR = YES;
				GCC_WARN_UNINITIALIZED_AUTOS = YES_AGGRESSIVE;
				GCC_WARN_UNUSED_FUNCTION = YES;
				GCC_WARN_UNUSED_VARIABLE = YES;
				IPHONEOS_DEPLOYMENT_TARGET = 15.0;
				MTL_ENABLE_DEBUG_INFO = NO;
				MTL_FAST_MATH = YES;
				SDKROOT = iphoneos;
				SWIFT_COMPILATION_MODE = wholemodule;
				SWIFT_OPTIMIZATION_LEVEL = "-O";
				VALIDATE_PRODUCT = YES;
			};
			name = Release;
		};
		62AF6702276789A700FF564B /* Debug */ = {
			isa = XCBuildConfiguration;
			baseConfigurationReference = FE99E87BA6E80CACC25E87EE /* Pods-myHamburgare.debug.xcconfig */;
			buildSettings = {
				ASSETCATALOG_COMPILER_APPICON_NAME = AppIcon;
				ASSETCATALOG_COMPILER_GLOBAL_ACCENT_COLOR_NAME = AccentColor;
				CODE_SIGN_STYLE = Automatic;
				CURRENT_PROJECT_VERSION = 1;
				DEVELOPMENT_TEAM = DDWAVNG7Q4;
				GENERATE_INFOPLIST_FILE = YES;
				INFOPLIST_FILE = myHamburgare/Info.plist;
				INFOPLIST_KEY_UIApplicationSupportsIndirectInputEvents = YES;
				INFOPLIST_KEY_UILaunchStoryboardName = LaunchScreen;
				INFOPLIST_KEY_UIMainStoryboardFile = Main;
				INFOPLIST_KEY_UISupportedInterfaceOrientations_iPad = "UIInterfaceOrientationPortrait UIInterfaceOrientationPortraitUpsideDown UIInterfaceOrientationLandscapeLeft UIInterfaceOrientationLandscapeRight";
				INFOPLIST_KEY_UISupportedInterfaceOrientations_iPhone = "UIInterfaceOrientationPortrait UIInterfaceOrientationLandscapeLeft UIInterfaceOrientationLandscapeRight";
				LD_RUNPATH_SEARCH_PATHS = (
					"$(inherited)",
					"@executable_path/Frameworks",
				);
				MARKETING_VERSION = 1.0;
				PRODUCT_BUNDLE_IDENTIFIER = se.alvararias.myHamburgare;
				PRODUCT_NAME = "$(TARGET_NAME)";
				SWIFT_EMIT_LOC_STRINGS = YES;
				SWIFT_VERSION = 5.0;
				TARGETED_DEVICE_FAMILY = "1,2";
			};
			name = Debug;
		};
		62AF6703276789A700FF564B /* Release */ = {
			isa = XCBuildConfiguration;
			baseConfigurationReference = 7FB79569F1979530B621FFF5 /* Pods-myHamburgare.release.xcconfig */;
			buildSettings = {
				ASSETCATALOG_COMPILER_APPICON_NAME = AppIcon;
				ASSETCATALOG_COMPILER_GLOBAL_ACCENT_COLOR_NAME = AccentColor;
				CODE_SIGN_STYLE = Automatic;
				CURRENT_PROJECT_VERSION = 1;
				DEVELOPMENT_TEAM = DDWAVNG7Q4;
				GENERATE_INFOPLIST_FILE = YES;
				INFOPLIST_FILE = myHamburgare/Info.plist;
				INFOPLIST_KEY_UIApplicationSupportsIndirectInputEvents = YES;
				INFOPLIST_KEY_UILaunchStoryboardName = LaunchScreen;
				INFOPLIST_KEY_UIMainStoryboardFile = Main;
				INFOPLIST_KEY_UISupportedInterfaceOrientations_iPad = "UIInterfaceOrientationPortrait UIInterfaceOrientationPortraitUpsideDown UIInterfaceOrientationLandscapeLeft UIInterfaceOrientationLandscapeRight";
				INFOPLIST_KEY_UISupportedInterfaceOrientations_iPhone = "UIInterfaceOrientationPortrait UIInterfaceOrientationLandscapeLeft UIInterfaceOrientationLandscapeRight";
				LD_RUNPATH_SEARCH_PATHS = (
					"$(inherited)",
					"@executable_path/Frameworks",
				);
				MARKETING_VERSION = 1.0;
				PRODUCT_BUNDLE_IDENTIFIER = se.alvararias.myHamburgare;
				PRODUCT_NAME = "$(TARGET_NAME)";
				SWIFT_EMIT_LOC_STRINGS = YES;
				SWIFT_VERSION = 5.0;
				TARGETED_DEVICE_FAMILY = "1,2";
			};
			name = Release;
		};
/* End XCBuildConfiguration section */

/* Begin XCConfigurationList section */
		62AF66E8276789A300FF564B /* Build configuration list for PBXProject "myHamburgare" */ = {
			isa = XCConfigurationList;
			buildConfigurations = (
				62AF66FF276789A700FF564B /* Debug */,
				62AF6700276789A700FF564B /* Release */,
			);
			defaultConfigurationIsVisible = 0;
			defaultConfigurationName = Release;
		};
		62AF6701276789A700FF564B /* Build configuration list for PBXNativeTarget "myHamburgare" */ = {
			isa = XCConfigurationList;
			buildConfigurations = (
				62AF6702276789A700FF564B /* Debug */,
				62AF6703276789A700FF564B /* Release */,
			);
			defaultConfigurationIsVisible = 0;
			defaultConfigurationName = Release;
		};
/* End XCConfigurationList section */
	};
	rootObject = 62AF66E5276789A300FF564B /* Project object */;
}
